
Microsoft Visual Studio Solution File, Format Version 12.00
# Visual Studio Version 17
VisualStudioVersion = 17.2.32526.322
MinimumVisualStudioVersion = 10.0.40219.1
Project("{FAE04EC0-301F-11D3-BF4B-00C04F79EFBC}") = "ELibary", "ELibary\ELibary.csproj", "{947F91CA-3A97-4D41-9A27-1702F323A93D}"
EndProject
Global
	GlobalSection(SolutionConfigurationPlatforms) = preSolution
		Debug|Any CPU = Debug|Any CPU
		Release|Any CPU = Release|Any CPU
	EndGlobalSection
	GlobalSection(ProjectConfigurationPlatforms) = postSolution
		{947F91CA-3A97-4D41-9A27-1702F323A93D}.Debug|Any CPU.ActiveCfg = Debug|Any CPU
		{947F91CA-3A97-4D41-9A27-1702F323A93D}.Debug|Any CPU.Build.0 = Debug|Any CPU
		{947F91CA-3A97-4D41-9A27-1702F323A93D}.Release|Any CPU.ActiveCfg = Release|Any CPU
		{947F91CA-3A97-4D41-9A27-1702F323A93D}.Release|Any CPU.Build.0 = Release|Any CPU
	EndGlobalSection
	GlobalSection(SolutionProperties) = preSolution
		HideSolutionNode = FALSE
	EndGlobalSection
	GlobalSection(ExtensibilityGlobals) = postSolution
		SolutionGuid = {198527EC-2DB2-408C-9B6D-FF28FF660A42}
	EndGlobalSection
EndGlobal
